
Microsoft Visual Studio Solution File, Format Version 12.00
# Visual Studio Version 16
VisualStudioVersion = 16.0.29806.167
MinimumVisualStudioVersion = 10.0.40219.1
Project("{FAE04EC0-301F-11D3-BF4B-00C04F79EFBC}") = "run length encoding", "run length encoding\run length encoding.csproj", "{515F159C-B3F4-4333-9D4C-09C4F9452609}"
EndProject
Global
	GlobalSection(SolutionConfigurationPlatforms) = preSolution
		Debug|Any CPU = Debug|Any CPU
		Release|Any CPU = Release|Any CPU
	EndGlobalSection
	GlobalSection(ProjectConfigurationPlatforms) = postSolution
		{515F159C-B3F4-4333-9D4C-09C4F9452609}.Debug|Any CPU.ActiveCfg = Debug|Any CPU
		{515F159C-B3F4-4333-9D4C-09C4F9452609}.Debug|Any CPU.Build.0 = Debug|Any CPU
		{515F159C-B3F4-4333-9D4C-09C4F9452609}.Release|Any CPU.ActiveCfg = Release|Any CPU
		{515F159C-B3F4-4333-9D4C-09C4F9452609}.Release|Any CPU.Build.0 = Release|Any CPU
	EndGlobalSection
	GlobalSection(SolutionProperties) = preSolution
		HideSolutionNode = FALSE
	EndGlobalSection
	GlobalSection(ExtensibilityGlobals) = postSolution
		SolutionGuid = {FEB776BC-E27C-4EAB-9AD0-B95C8FD6FF93}
	EndGlobalSection
EndGlobal
